
Microsoft Visual Studio Solution File, Format Version 12.00
# Visual Studio Version 17
VisualStudioVersion = 17.11.35327.3
MinimumVisualStudioVersion = 10.0.40219.1
Project("{8BC9CEB8-8B4A-11D0-8D11-00A0C91BC942}") = "nadavHagever", "nadavHagever.vcxproj", "{71AB0314-901D-494A-BEEB-44858E157633}"
EndProject
Global
	GlobalSection(SolutionConfigurationPlatforms) = preSolution
		Debug|x64 = Debug|x64
		Debug|x86 = Debug|x86
		Release|x64 = Release|x64
		Release|x86 = Release|x86
	EndGlobalSection
	GlobalSection(ProjectConfigurationPlatforms) = postSolution
		{71AB0314-901D-494A-BEEB-44858E157633}.Debug|x64.ActiveCfg = Debug|x64
		{71AB0314-901D-494A-BEEB-44858E157633}.Debug|x64.Build.0 = Debug|x64
		{71AB0314-901D-494A-BEEB-44858E157633}.Debug|x86.ActiveCfg = Debug|Win32
		{71AB0314-901D-494A-BEEB-44858E157633}.Debug|x86.Build.0 = Debug|Win32
		{71AB0314-901D-494A-BEEB-44858E157633}.Release|x64.ActiveCfg = Release|x64
		{71AB0314-901D-494A-BEEB-44858E157633}.Release|x64.Build.0 = Release|x64
		{71AB0314-901D-494A-BEEB-44858E157633}.Release|x86.ActiveCfg = Release|Win32
		{71AB0314-901D-494A-BEEB-44858E157633}.Release|x86.Build.0 = Release|Win32
	EndGlobalSection
	GlobalSection(SolutionProperties) = preSolution
		HideSolutionNode = FALSE
	EndGlobalSection
	GlobalSection(ExtensibilityGlobals) = postSolution
		SolutionGuid = {E6228727-B830-410F-89C0-BC811F4CC91C}
	EndGlobalSection
EndGlobal
